
Microsoft Visual Studio Solution File, Format Version 12.00
# Visual Studio Version 17
VisualStudioVersion = 17.11.35327.3
MinimumVisualStudioVersion = 10.0.40219.1
Project("{FAE04EC0-301F-11D3-BF4B-00C04F79EFBC}") = "WebAPI", "WebAPI.csproj", "{65F9305A-3545-4C49-A8B8-AC42361BFAB0}"
EndProject
Global
	GlobalSection(SolutionConfigurationPlatforms) = preSolution
		Debug|Any CPU = Debug|Any CPU
		Release|Any CPU = Release|Any CPU
	EndGlobalSection
	GlobalSection(ProjectConfigurationPlatforms) = postSolution
		{65F9305A-3545-4C49-A8B8-AC42361BFAB0}.Debug|Any CPU.ActiveCfg = Debug|Any CPU
		{65F9305A-3545-4C49-A8B8-AC42361BFAB0}.Debug|Any CPU.Build.0 = Debug|Any CPU
		{65F9305A-3545-4C49-A8B8-AC42361BFAB0}.Release|Any CPU.ActiveCfg = Release|Any CPU
		{65F9305A-3545-4C49-A8B8-AC42361BFAB0}.Release|Any CPU.Build.0 = Release|Any CPU
	EndGlobalSection
	GlobalSection(SolutionProperties) = preSolution
		HideSolutionNode = FALSE
	EndGlobalSection
	GlobalSection(ExtensibilityGlobals) = postSolution
		SolutionGuid = {45D69164-D007-42A5-85F0-2774E6B4AB9B}
	EndGlobalSection
EndGlobal
